
Microsoft Visual Studio Solution File, Format Version 12.00
# Visual Studio 15
VisualStudioVersion = 15.0.26730.16
MinimumVisualStudioVersion = 10.0.40219.1
Project("{FAE04EC0-301F-11D3-BF4B-00C04F79EFBC}") = "AutomobileManagerApp", "AutomobileManagerApp\AutomobileManagerApp.csproj", "{5556A253-F4E3-4AC3-9E44-63563B93BEAE}"
EndProject
Global
	GlobalSection(SolutionConfigurationPlatforms) = preSolution
		Debug|Any CPU = Debug|Any CPU
		Release|Any CPU = Release|Any CPU
	EndGlobalSection
	GlobalSection(ProjectConfigurationPlatforms) = postSolution
		{5556A253-F4E3-4AC3-9E44-63563B93BEAE}.Debug|Any CPU.ActiveCfg = Debug|Any CPU
		{5556A253-F4E3-4AC3-9E44-63563B93BEAE}.Debug|Any CPU.Build.0 = Debug|Any CPU
		{5556A253-F4E3-4AC3-9E44-63563B93BEAE}.Release|Any CPU.ActiveCfg = Release|Any CPU
		{5556A253-F4E3-4AC3-9E44-63563B93BEAE}.Release|Any CPU.Build.0 = Release|Any CPU
	EndGlobalSection
	GlobalSection(SolutionProperties) = preSolution
		HideSolutionNode = FALSE
	EndGlobalSection
	GlobalSection(ExtensibilityGlobals) = postSolution
		SolutionGuid = {0E99A2EF-937A-479C-8680-D90BD3158E5F}
	EndGlobalSection
EndGlobal
